
Microsoft Visual Studio Solution File, Format Version 12.00
# Visual Studio 15
VisualStudioVersion = 15.0.27004.2006
MinimumVisualStudioVersion = 10.0.40219.1
Project("{FAE04EC0-301F-11D3-BF4B-00C04F79EFBC}") = "Blog", "Blog\Blog.csproj", "{214274BD-DAAE-4197-868F-6C49E4B0D74B}"
EndProject
Global
	GlobalSection(SolutionConfigurationPlatforms) = preSolution
		Debug|Any CPU = Debug|Any CPU
		Release|Any CPU = Release|Any CPU
	EndGlobalSection
	GlobalSection(ProjectConfigurationPlatforms) = postSolution
		{214274BD-DAAE-4197-868F-6C49E4B0D74B}.Debug|Any CPU.ActiveCfg = Debug|Any CPU
		{214274BD-DAAE-4197-868F-6C49E4B0D74B}.Debug|Any CPU.Build.0 = Debug|Any CPU
		{214274BD-DAAE-4197-868F-6C49E4B0D74B}.Release|Any CPU.ActiveCfg = Release|Any CPU
		{214274BD-DAAE-4197-868F-6C49E4B0D74B}.Release|Any CPU.Build.0 = Release|Any CPU
	EndGlobalSection
	GlobalSection(SolutionProperties) = preSolution
		HideSolutionNode = FALSE
	EndGlobalSection
	GlobalSection(ExtensibilityGlobals) = postSolution
		SolutionGuid = {F46C30B8-B95C-4050-8435-4E260C817E2A}
	EndGlobalSection
EndGlobal
